// !$*UTF8*$!
{
	archiveVersion = 1;
	classes = {
	};
	objectVersion = 77;
	objects = {

/* Begin PBXBuildFile section */
		321A6DE72DA724D300D4A59B /* ActivitiesToolBoxWatch Watch App.app in Embed Watch Content */ = {isa = PBXBuildFile; fileRef = 321A6DDD2DA724D200D4A59B /* ActivitiesToolBoxWatch Watch App.app */; settings = {ATTRIBUTES = (RemoveHeadersOnCopy, ); }; };
/* End PBXBuildFile section */

/* Begin PBXContainerItemProxy section */
		321A6DE52DA724D300D4A59B /* PBXContainerItemProxy */ = {
			isa = PBXContainerItemProxy;
			containerPortal = 32C2925B2C98DDA5004B12C3 /* Project object */;
			proxyType = 1;
			remoteGlobalIDString = 321A6DDC2DA724D200D4A59B;
			remoteInfo = "LessonTrackerWatch Watch App";
		};
		32C292762C98DDA6004B12C3 /* PBXContainerItemProxy */ = {
			isa = PBXContainerItemProxy;
			containerPortal = 32C2925B2C98DDA5004B12C3 /* Project object */;
			proxyType = 1;
			remoteGlobalIDString = 32C292622C98DDA5004B12C3;
			remoteInfo = LessonTracker;
		};
		32C292802C98DDA6004B12C3 /* PBXContainerItemProxy */ = {
			isa = PBXContainerItemProxy;
			containerPortal = 32C2925B2C98DDA5004B12C3 /* Project object */;
			proxyType = 1;
			remoteGlobalIDString = 32C292622C98DDA5004B12C3;
			remoteInfo = LessonTracker;
		};
/* End PBXContainerItemProxy section */

/* Begin PBXCopyFilesBuildPhase section */
		3289A3542CF55993005B27E5 /* Embed Watch Content */ = {
			isa = PBXCopyFilesBuildPhase;
			buildActionMask = 2147483647;
			dstPath = "$(CONTENTS_FOLDER_PATH)/Watch";
			dstSubfolderSpec = 16;
			files = (
				321A6DE72DA724D300D4A59B /* ActivitiesToolBoxWatch Watch App.app in Embed Watch Content */,
			);
			name = "Embed Watch Content";
			runOnlyForDeploymentPostprocessing = 0;
		};
/* End PBXCopyFilesBuildPhase section */

/* Begin PBXFileReference section */
		321A6DDD2DA724D200D4A59B /* ActivitiesToolBoxWatch Watch App.app */ = {isa = PBXFileReference; explicitFileType = wrapper.application; includeInIndex = 0; path = "ActivitiesToolBoxWatch Watch App.app"; sourceTree = BUILT_PRODUCTS_DIR; };
		32C292632C98DDA5004B12C3 /* ActivitiesToolBox.app */ = {isa = PBXFileReference; explicitFileType = wrapper.application; includeInIndex = 0; path = ActivitiesToolBox.app; sourceTree = BUILT_PRODUCTS_DIR; };
		32C292752C98DDA6004B12C3 /* ActivitiesToolBoxTests.xctest */ = {isa = PBXFileReference; explicitFileType = wrapper.cfbundle; includeInIndex = 0; path = ActivitiesToolBoxTests.xctest; sourceTree = BUILT_PRODUCTS_DIR; };
		32C2927F2C98DDA6004B12C3 /* ActivitiesToolBoxUITests.xctest */ = {isa = PBXFileReference; explicitFileType = wrapper.cfbundle; includeInIndex = 0; path = ActivitiesToolBoxUITests.xctest; sourceTree = BUILT_PRODUCTS_DIR; };
/* End PBXFileReference section */

/* Begin PBXFileSystemSynchronizedBuildFileExceptionSet section */
		3264E80F2DBC49CE00FED7F6 /* Exceptions for "LessonTracker" folder in "ActivitiesToolBoxWatch Watch App" target */ = {
			isa = PBXFileSystemSynchronizedBuildFileExceptionSet;
			membershipExceptions = (
				LessonTrackerApp.swift,
				Models/Activity.swift,
				Models/Payment.swift,
				Models/SampleData.swift,
				Models/Student.swift,
				Views/Activity/ActivityIcon.swift,
				Views/SettingsView.swift,
			);
			target = 321A6DDC2DA724D200D4A59B /* ActivitiesToolBoxWatch Watch App */;
		};
		3289A3C72D04EF66005B27E5 /* Exceptions for "LessonTracker" folder in "ActivitiesToolBox" target */ = {
			isa = PBXFileSystemSynchronizedBuildFileExceptionSet;
			membershipExceptions = (
				Info.plist,
			);
			target = 32C292622C98DDA5004B12C3 /* ActivitiesToolBox */;
		};
/* End PBXFileSystemSynchronizedBuildFileExceptionSet section */

/* Begin PBXFileSystemSynchronizedRootGroup section */
		321A6DDE2DA724D200D4A59B /* ActivitiesToolBoxWatch Watch App */ = {
			isa = PBXFileSystemSynchronizedRootGroup;
			path = "ActivitiesToolBoxWatch Watch App";
			sourceTree = "<group>";
		};
		32C292652C98DDA5004B12C3 /* LessonTracker */ = {
			isa = PBXFileSystemSynchronizedRootGroup;
			exceptions = (
				3289A3C72D04EF66005B27E5 /* Exceptions for "LessonTracker" folder in "ActivitiesToolBox" target */,
				3264E80F2DBC49CE00FED7F6 /* Exceptions for "LessonTracker" folder in "ActivitiesToolBoxWatch Watch App" target */,
			);
			path = LessonTracker;
			sourceTree = "<group>";
		};
		32C292782C98DDA6004B12C3 /* LessonTrackerTests */ = {
			isa = PBXFileSystemSynchronizedRootGroup;
			path = LessonTrackerTests;
			sourceTree = "<group>";
		};
		32C292822C98DDA6004B12C3 /* LessonTrackerUITests */ = {
			isa = PBXFileSystemSynchronizedRootGroup;
			path = LessonTrackerUITests;
			sourceTree = "<group>";
		};
/* End PBXFileSystemSynchronizedRootGroup section */

/* Begin PBXFrameworksBuildPhase section */
		321A6DDA2DA724D200D4A59B /* Frameworks */ = {
			isa = PBXFrameworksBuildPhase;
			buildActionMask = 2147483647;
			files = (
			);
			runOnlyForDeploymentPostprocessing = 0;
		};
		32C292602C98DDA5004B12C3 /* Frameworks */ = {
			isa = PBXFrameworksBuildPhase;
			buildActionMask = 2147483647;
			files = (
			);
			runOnlyForDeploymentPostprocessing = 0;
		};
		32C292722C98DDA6004B12C3 /* Frameworks */ = {
			isa = PBXFrameworksBuildPhase;
			buildActionMask = 2147483647;
			files = (
			);
			runOnlyForDeploymentPostprocessing = 0;
		};
		32C2927C2C98DDA6004B12C3 /* Frameworks */ = {
			isa = PBXFrameworksBuildPhase;
			buildActionMask = 2147483647;
			files = (
			);
			runOnlyForDeploymentPostprocessing = 0;
		};
/* End PBXFrameworksBuildPhase section */

/* Begin PBXGroup section */
		32C2925A2C98DDA5004B12C3 = {
			isa = PBXGroup;
			children = (
				32C292652C98DDA5004B12C3 /* LessonTracker */,
				32C292782C98DDA6004B12C3 /* LessonTrackerTests */,
				32C292822C98DDA6004B12C3 /* LessonTrackerUITests */,
				321A6DDE2DA724D200D4A59B /* ActivitiesToolBoxWatch Watch App */,
				32C292642C98DDA5004B12C3 /* Products */,
			);
			sourceTree = "<group>";
		};
		32C292642C98DDA5004B12C3 /* Products */ = {
			isa = PBXGroup;
			children = (
				32C292632C98DDA5004B12C3 /* ActivitiesToolBox.app */,
				32C292752C98DDA6004B12C3 /* ActivitiesToolBoxTests.xctest */,
				32C2927F2C98DDA6004B12C3 /* ActivitiesToolBoxUITests.xctest */,
				321A6DDD2DA724D200D4A59B /* ActivitiesToolBoxWatch Watch App.app */,
			);
			name = Products;
			sourceTree = "<group>";
		};
/* End PBXGroup section */

/* Begin PBXNativeTarget section */
		321A6DDC2DA724D200D4A59B /* ActivitiesToolBoxWatch Watch App */ = {
			isa = PBXNativeTarget;
			buildConfigurationList = 321A6DE82DA724D300D4A59B /* Build configuration list for PBXNativeTarget "ActivitiesToolBoxWatch Watch App" */;
			buildPhases = (
				321A6DD92DA724D200D4A59B /* Sources */,
				321A6DDA2DA724D200D4A59B /* Frameworks */,
				321A6DDB2DA724D200D4A59B /* Resources */,
			);
			buildRules = (
			);
			dependencies = (
			);
			fileSystemSynchronizedGroups = (
				321A6DDE2DA724D200D4A59B /* ActivitiesToolBoxWatch Watch App */,
			);
			name = "ActivitiesToolBoxWatch Watch App";
			packageProductDependencies = (
			);
			productName = "LessonTrackerWatch Watch App";
			productReference = 321A6DDD2DA724D200D4A59B /* ActivitiesToolBoxWatch Watch App.app */;
			productType = "com.apple.product-type.application";
		};
		32C292622C98DDA5004B12C3 /* ActivitiesToolBox */ = {
			isa = PBXNativeTarget;
			buildConfigurationList = 32C292892C98DDA6004B12C3 /* Build configuration list for PBXNativeTarget "ActivitiesToolBox" */;
			buildPhases = (
				32C2925F2C98DDA5004B12C3 /* Sources */,
				32C292602C98DDA5004B12C3 /* Frameworks */,
				32C292612C98DDA5004B12C3 /* Resources */,
				3289A3542CF55993005B27E5 /* Embed Watch Content */,
			);
			buildRules = (
			);
			dependencies = (
				321A6DE62DA724D300D4A59B /* PBXTargetDependency */,
			);
			fileSystemSynchronizedGroups = (
				32C292652C98DDA5004B12C3 /* LessonTracker */,
			);
			name = ActivitiesToolBox;
			packageProductDependencies = (
			);
			productName = LessonTracker;
			productReference = 32C292632C98DDA5004B12C3 /* ActivitiesToolBox.app */;
			productType = "com.apple.product-type.application";
		};
		32C292742C98DDA6004B12C3 /* ActivitiesToolBoxTests */ = {
			isa = PBXNativeTarget;
			buildConfigurationList = 32C2928C2C98DDA6004B12C3 /* Build configuration list for PBXNativeTarget "ActivitiesToolBoxTests" */;
			buildPhases = (
				32C292712C98DDA6004B12C3 /* Sources */,
				32C292722C98DDA6004B12C3 /* Frameworks */,
				32C292732C98DDA6004B12C3 /* Resources */,
			);
			buildRules = (
			);
			dependencies = (
				32C292772C98DDA6004B12C3 /* PBXTargetDependency */,
			);
			fileSystemSynchronizedGroups = (
				32C292782C98DDA6004B12C3 /* LessonTrackerTests */,
			);
			name = ActivitiesToolBoxTests;
			packageProductDependencies = (
			);
			productName = LessonTrackerTests;
			productReference = 32C292752C98DDA6004B12C3 /* ActivitiesToolBoxTests.xctest */;
			productType = "com.apple.product-type.bundle.unit-test";
		};
		32C2927E2C98DDA6004B12C3 /* ActivitiesToolBoxUITests */ = {
			isa = PBXNativeTarget;
			buildConfigurationList = 32C2928F2C98DDA6004B12C3 /* Build configuration list for PBXNativeTarget "ActivitiesToolBoxUITests" */;
			buildPhases = (
				32C2927B2C98DDA6004B12C3 /* Sources */,
				32C2927C2C98DDA6004B12C3 /* Frameworks */,
				32C2927D2C98DDA6004B12C3 /* Resources */,
			);
			buildRules = (
			);
			dependencies = (
				32C292812C98DDA6004B12C3 /* PBXTargetDependency */,
			);
			fileSystemSynchronizedGroups = (
				32C292822C98DDA6004B12C3 /* LessonTrackerUITests */,
			);
			name = ActivitiesToolBoxUITests;
			packageProductDependencies = (
			);
			productName = LessonTrackerUITests;
			productReference = 32C2927F2C98DDA6004B12C3 /* ActivitiesToolBoxUITests.xctest */;
			productType = "com.apple.product-type.bundle.ui-testing";
		};
/* End PBXNativeTarget section */

/* Begin PBXProject section */
		32C2925B2C98DDA5004B12C3 /* Project object */ = {
			isa = PBXProject;
			attributes = {
				BuildIndependentTargetsInParallel = 1;
				LastSwiftUpdateCheck = 1630;
				LastUpgradeCheck = 1630;
				TargetAttributes = {
					321A6DDC2DA724D200D4A59B = {
						CreatedOnToolsVersion = 16.3;
					};
					32C292622C98DDA5004B12C3 = {
						CreatedOnToolsVersion = 16.0;
					};
					32C292742C98DDA6004B12C3 = {
						CreatedOnToolsVersion = 16.0;
						TestTargetID = 32C292622C98DDA5004B12C3;
					};
					32C2927E2C98DDA6004B12C3 = {
						CreatedOnToolsVersion = 16.0;
						TestTargetID = 32C292622C98DDA5004B12C3;
					};
				};
			};
			buildConfigurationList = 32C2925E2C98DDA5004B12C3 /* Build configuration list for PBXProject "ActivitiesToolBox" */;
			developmentRegion = en;
			hasScannedForEncodings = 0;
			knownRegions = (
				en,
				Base,
			);
			mainGroup = 32C2925A2C98DDA5004B12C3;
			minimizedProjectReferenceProxies = 1;
			preferredProjectObjectVersion = 77;
			productRefGroup = 32C292642C98DDA5004B12C3 /* Products */;
			projectDirPath = "";
			projectRoot = "";
			targets = (
				32C292622C98DDA5004B12C3 /* ActivitiesToolBox */,
				32C292742C98DDA6004B12C3 /* ActivitiesToolBoxTests */,
				32C2927E2C98DDA6004B12C3 /* ActivitiesToolBoxUITests */,
				321A6DDC2DA724D200D4A59B /* ActivitiesToolBoxWatch Watch App */,
			);
		};
/* End PBXProject section */

/* Begin PBXResourcesBuildPhase section */
		321A6DDB2DA724D200D4A59B /* Resources */ = {
			isa = PBXResourcesBuildPhase;
			buildActionMask = 2147483647;
			files = (
			);
			runOnlyForDeploymentPostprocessing = 0;
		};
		32C292612C98DDA5004B12C3 /* Resources */ = {
			isa = PBXResourcesBuildPhase;
			buildActionMask = 2147483647;
			files = (
			);
			runOnlyForDeploymentPostprocessing = 0;
		};
		32C292732C98DDA6004B12C3 /* Resources */ = {
			isa = PBXResourcesBuildPhase;
			buildActionMask = 2147483647;
			files = (
			);
			runOnlyForDeploymentPostprocessing = 0;
		};
		32C2927D2C98DDA6004B12C3 /* Resources */ = {
			isa = PBXResourcesBuildPhase;
			buildActionMask = 2147483647;
			files = (
			);
			runOnlyForDeploymentPostprocessing = 0;
		};
/* End PBXResourcesBuildPhase section */

/* Begin PBXSourcesBuildPhase section */
		321A6DD92DA724D200D4A59B /* Sources */ = {
			isa = PBXSourcesBuildPhase;
			buildActionMask = 2147483647;
			files = (
			);
			runOnlyForDeploymentPostprocessing = 0;
		};
		32C2925F2C98DDA5004B12C3 /* Sources */ = {
			isa = PBXSourcesBuildPhase;
			buildActionMask = 2147483647;
			files = (
			);
			runOnlyForDeploymentPostprocessing = 0;
		};
		32C292712C98DDA6004B12C3 /* Sources */ = {
			isa = PBXSourcesBuildPhase;
			buildActionMask = 2147483647;
			files = (
			);
			runOnlyForDeploymentPostprocessing = 0;
		};
		32C2927B2C98DDA6004B12C3 /* Sources */ = {
			isa = PBXSourcesBuildPhase;
			buildActionMask = 2147483647;
			files = (
			);
			runOnlyForDeploymentPostprocessing = 0;
		};
/* End PBXSourcesBuildPhase section */

/* Begin PBXTargetDependency section */
		321A6DE62DA724D300D4A59B /* PBXTargetDependency */ = {
			isa = PBXTargetDependency;
			target = 321A6DDC2DA724D200D4A59B /* ActivitiesToolBoxWatch Watch App */;
			targetProxy = 321A6DE52DA724D300D4A59B /* PBXContainerItemProxy */;
		};
		32C292772C98DDA6004B12C3 /* PBXTargetDependency */ = {
			isa = PBXTargetDependency;
			target = 32C292622C98DDA5004B12C3 /* ActivitiesToolBox */;
			targetProxy = 32C292762C98DDA6004B12C3 /* PBXContainerItemProxy */;
		};
		32C292812C98DDA6004B12C3 /* PBXTargetDependency */ = {
			isa = PBXTargetDependency;
			target = 32C292622C98DDA5004B12C3 /* ActivitiesToolBox */;
			targetProxy = 32C292802C98DDA6004B12C3 /* PBXContainerItemProxy */;
		};
/* End PBXTargetDependency section */

/* Begin XCBuildConfiguration section */
		321A6DE92DA724D300D4A59B /* Debug */ = {
			isa = XCBuildConfiguration;
			buildSettings = {
				ASSETCATALOG_COMPILER_APPICON_NAME = AppIcon;
				ASSETCATALOG_COMPILER_GLOBAL_ACCENT_COLOR_NAME = AccentColor;
				CODE_SIGN_STYLE = Automatic;
				CURRENT_PROJECT_VERSION = 1;
				ENABLE_PREVIEWS = YES;
				GENERATE_INFOPLIST_FILE = YES;
				INFOPLIST_KEY_CFBundleDisplayName = ActivitiesToolBoxWatch;
				INFOPLIST_KEY_UISupportedInterfaceOrientations = "UIInterfaceOrientationPortrait UIInterfaceOrientationPortraitUpsideDown";
				INFOPLIST_KEY_WKCompanionAppBundleIdentifier = com.niebauer.ActivitiesToolBox;
				LD_RUNPATH_SEARCH_PATHS = (
					"$(inherited)",
					"@executable_path/Frameworks",
				);
				MARKETING_VERSION = 1.0;
				PRODUCT_BUNDLE_IDENTIFIER = com.niebauer.ActivitiesToolBox.watchkitapp;
				PRODUCT_NAME = "$(TARGET_NAME)";
				SDKROOT = watchos;
				SKIP_INSTALL = YES;
				SWIFT_EMIT_LOC_STRINGS = YES;
				SWIFT_VERSION = 5.0;
				TARGETED_DEVICE_FAMILY = 4;
				WATCHOS_DEPLOYMENT_TARGET = 11.4;
			};
			name = Debug;
		};
		321A6DEA2DA724D300D4A59B /* Release */ = {
			isa = XCBuildConfiguration;
			buildSettings = {
				ASSETCATALOG_COMPILER_APPICON_NAME = AppIcon;
				ASSETCATALOG_COMPILER_GLOBAL_ACCENT_COLOR_NAME = AccentColor;
				CODE_SIGN_STYLE = Automatic;
				CURRENT_PROJECT_VERSION = 1;
				ENABLE_PREVIEWS = YES;
				GENERATE_INFOPLIST_FILE = YES;
				INFOPLIST_KEY_CFBundleDisplayName = ActivitiesToolBoxWatch;
				INFOPLIST_KEY_UISupportedInterfaceOrientations = "UIInterfaceOrientationPortrait UIInterfaceOrientationPortraitUpsideDown";
				INFOPLIST_KEY_WKCompanionAppBundleIdentifier = com.niebauer.ActivitiesToolBox;
				LD_RUNPATH_SEARCH_PATHS = (
					"$(inherited)",
					"@executable_path/Frameworks",
				);
				MARKETING_VERSION = 1.0;
				PRODUCT_BUNDLE_IDENTIFIER = com.niebauer.ActivitiesToolBox.watchkitapp;
				PRODUCT_NAME = "$(TARGET_NAME)";
				SDKROOT = watchos;
				SKIP_INSTALL = YES;
				SWIFT_EMIT_LOC_STRINGS = YES;
				SWIFT_VERSION = 5.0;
				TARGETED_DEVICE_FAMILY = 4;
				WATCHOS_DEPLOYMENT_TARGET = 11.4;
			};
			name = Release;
		};
		32C292872C98DDA6004B12C3 /* Debug */ = {
			isa = XCBuildConfiguration;
			buildSettings = {
				ALWAYS_SEARCH_USER_PATHS = NO;
				ASSETCATALOG_COMPILER_GENERATE_SWIFT_ASSET_SYMBOL_EXTENSIONS = YES;
				CLANG_ANALYZER_NONNULL = YES;
				CLANG_ANALYZER_NUMBER_OBJECT_CONVERSION = YES_AGGRESSIVE;
				CLANG_CXX_LANGUAGE_STANDARD = "gnu++20";
				CLANG_ENABLE_MODULES = YES;
				CLANG_ENABLE_OBJC_ARC = YES;
				CLANG_ENABLE_OBJC_WEAK = YES;
				CLANG_WARN_BLOCK_CAPTURE_AUTORELEASING = YES;
				CLANG_WARN_BOOL_CONVERSION = YES;
				CLANG_WARN_COMMA = YES;
				CLANG_WARN_CONSTANT_CONVERSION = YES;
				CLANG_WARN_DEPRECATED_OBJC_IMPLEMENTATIONS = YES;
				CLANG_WARN_DIRECT_OBJC_ISA_USAGE = YES_ERROR;
				CLANG_WARN_DOCUMENTATION_COMMENTS = YES;
				CLANG_WARN_EMPTY_BODY = YES;
				CLANG_WARN_ENUM_CONVERSION = YES;
				CLANG_WARN_INFINITE_RECURSION = YES;
				CLANG_WARN_INT_CONVERSION = YES;
				CLANG_WARN_NON_LITERAL_NULL_CONVERSION = YES;
				CLANG_WARN_OBJC_IMPLICIT_RETAIN_SELF = YES;
				CLANG_WARN_OBJC_LITERAL_CONVERSION = YES;
				CLANG_WARN_OBJC_ROOT_CLASS = YES_ERROR;
				CLANG_WARN_QUOTED_INCLUDE_IN_FRAMEWORK_HEADER = YES;
				CLANG_WARN_RANGE_LOOP_ANALYSIS = YES;
				CLANG_WARN_STRICT_PROTOTYPES = YES;
				CLANG_WARN_SUSPICIOUS_MOVE = YES;
				CLANG_WARN_UNGUARDED_AVAILABILITY = YES_AGGRESSIVE;
				CLANG_WARN_UNREACHABLE_CODE = YES;
				CLANG_WARN__DUPLICATE_METHOD_MATCH = YES;
				COPY_PHASE_STRIP = NO;
				DEBUG_INFORMATION_FORMAT = dwarf;
				DEVELOPMENT_TEAM = 87W34RA6G8;
				ENABLE_STRICT_OBJC_MSGSEND = YES;
				ENABLE_TESTABILITY = YES;
				ENABLE_USER_SCRIPT_SANDBOXING = YES;
				GCC_C_LANGUAGE_STANDARD = gnu17;
				GCC_DYNAMIC_NO_PIC = NO;
				GCC_NO_COMMON_BLOCKS = YES;
				GCC_OPTIMIZATION_LEVEL = 0;
				GCC_PREPROCESSOR_DEFINITIONS = (
					"DEBUG=1",
					"$(inherited)",
				);
				GCC_WARN_64_TO_32_BIT_CONVERSION = YES;
				GCC_WARN_ABOUT_RETURN_TYPE = YES_ERROR;
				GCC_WARN_UNDECLARED_SELECTOR = YES;
				GCC_WARN_UNINITIALIZED_AUTOS = YES_AGGRESSIVE;
				GCC_WARN_UNUSED_FUNCTION = YES;
				GCC_WARN_UNUSED_VARIABLE = YES;
				IPHONEOS_DEPLOYMENT_TARGET = 18.0;
				LOCALIZATION_PREFERS_STRING_CATALOGS = YES;
				MTL_ENABLE_DEBUG_INFO = INCLUDE_SOURCE;
				MTL_FAST_MATH = YES;
				ONLY_ACTIVE_ARCH = YES;
				SDKROOT = iphoneos;
				SWIFT_ACTIVE_COMPILATION_CONDITIONS = "DEBUG $(inherited)";
				SWIFT_OPTIMIZATION_LEVEL = "-Onone";
			};
			name = Debug;
		};
		32C292882C98DDA6004B12C3 /* Release */ = {
			isa = XCBuildConfiguration;
			buildSettings = {
				ALWAYS_SEARCH_USER_PATHS = NO;
				ASSETCATALOG_COMPILER_GENERATE_SWIFT_ASSET_SYMBOL_EXTENSIONS = YES;
				CLANG_ANALYZER_NONNULL = YES;
				CLANG_ANALYZER_NUMBER_OBJECT_CONVERSION = YES_AGGRESSIVE;
				CLANG_CXX_LANGUAGE_STANDARD = "gnu++20";
				CLANG_ENABLE_MODULES = YES;
				CLANG_ENABLE_OBJC_ARC = YES;
				CLANG_ENABLE_OBJC_WEAK = YES;
				CLANG_WARN_BLOCK_CAPTURE_AUTORELEASING = YES;
				CLANG_WARN_BOOL_CONVERSION = YES;
				CLANG_WARN_COMMA = YES;
				CLANG_WARN_CONSTANT_CONVERSION = YES;
				CLANG_WARN_DEPRECATED_OBJC_IMPLEMENTATIONS = YES;
				CLANG_WARN_DIRECT_OBJC_ISA_USAGE = YES_ERROR;
				CLANG_WARN_DOCUMENTATION_COMMENTS = YES;
				CLANG_WARN_EMPTY_BODY = YES;
				CLANG_WARN_ENUM_CONVERSION = YES;
				CLANG_WARN_INFINITE_RECURSION = YES;
				CLANG_WARN_INT_CONVERSION = YES;
				CLANG_WARN_NON_LITERAL_NULL_CONVERSION = YES;
				CLANG_WARN_OBJC_IMPLICIT_RETAIN_SELF = YES;
				CLANG_WARN_OBJC_LITERAL_CONVERSION = YES;
				CLANG_WARN_OBJC_ROOT_CLASS = YES_ERROR;
				CLANG_WARN_QUOTED_INCLUDE_IN_FRAMEWORK_HEADER = YES;
				CLANG_WARN_RANGE_LOOP_ANALYSIS = YES;
				CLANG_WARN_STRICT_PROTOTYPES = YES;
				CLANG_WARN_SUSPICIOUS_MOVE = YES;
				CLANG_WARN_UNGUARDED_AVAILABILITY = YES_AGGRESSIVE;
				CLANG_WARN_UNREACHABLE_CODE = YES;
				CLANG_WARN__DUPLICATE_METHOD_MATCH = YES;
				COPY_PHASE_STRIP = NO;
				DEBUG_INFORMATION_FORMAT = "dwarf-with-dsym";
				DEVELOPMENT_TEAM = 87W34RA6G8;
				ENABLE_NS_ASSERTIONS = NO;
				ENABLE_STRICT_OBJC_MSGSEND = YES;
				ENABLE_USER_SCRIPT_SANDBOXING = YES;
				GCC_C_LANGUAGE_STANDARD = gnu17;
				GCC_NO_COMMON_BLOCKS = YES;
				GCC_WARN_64_TO_32_BIT_CONVERSION = YES;
				GCC_WARN_ABOUT_RETURN_TYPE = YES_ERROR;
				GCC_WARN_UNDECLARED_SELECTOR = YES;
				GCC_WARN_UNINITIALIZED_AUTOS = YES_AGGRESSIVE;
				GCC_WARN_UNUSED_FUNCTION = YES;
				GCC_WARN_UNUSED_VARIABLE = YES;
				IPHONEOS_DEPLOYMENT_TARGET = 18.0;
				LOCALIZATION_PREFERS_STRING_CATALOGS = YES;
				MTL_ENABLE_DEBUG_INFO = NO;
				MTL_FAST_MATH = YES;
				SDKROOT = iphoneos;
				SWIFT_COMPILATION_MODE = wholemodule;
				VALIDATE_PRODUCT = YES;
			};
			name = Release;
		};
		32C2928A2C98DDA6004B12C3 /* Debug */ = {
			isa = XCBuildConfiguration;
			buildSettings = {
				ASSETCATALOG_COMPILER_APPICON_NAME = AppIcon;
				ASSETCATALOG_COMPILER_GLOBAL_ACCENT_COLOR_NAME = AccentColor;
				CODE_SIGN_STYLE = Automatic;
				CURRENT_PROJECT_VERSION = 1;
				DEVELOPMENT_ASSET_PATHS = "\"LessonTracker/Preview Content\"";
				ENABLE_PREVIEWS = YES;
				GENERATE_INFOPLIST_FILE = YES;
				INFOPLIST_FILE = LessonTracker/Info.plist;
				INFOPLIST_KEY_CFBundleDisplayName = ActivitiesToolBox;
				INFOPLIST_KEY_UIApplicationSceneManifest_Generation = YES;
				INFOPLIST_KEY_UIApplicationSupportsIndirectInputEvents = YES;
				INFOPLIST_KEY_UILaunchScreen_Generation = YES;
				INFOPLIST_KEY_UISupportedInterfaceOrientations_iPad = "UIInterfaceOrientationPortrait UIInterfaceOrientationPortraitUpsideDown UIInterfaceOrientationLandscapeLeft UIInterfaceOrientationLandscapeRight";
				INFOPLIST_KEY_UISupportedInterfaceOrientations_iPhone = "UIInterfaceOrientationPortrait UIInterfaceOrientationLandscapeLeft UIInterfaceOrientationLandscapeRight";
				IPHONEOS_DEPLOYMENT_TARGET = 17.5;
				LD_RUNPATH_SEARCH_PATHS = (
					"$(inherited)",
					"@executable_path/Frameworks",
				);
				MARKETING_VERSION = 1.0;
				PRODUCT_BUNDLE_IDENTIFIER = com.niebauer.ActivitiesToolBox;
				PRODUCT_NAME = "$(TARGET_NAME)";
				SWIFT_EMIT_LOC_STRINGS = YES;
				SWIFT_VERSION = 5.0;
				TARGETED_DEVICE_FAMILY = "1,2";
			};
			name = Debug;
		};
		32C2928B2C98DDA6004B12C3 /* Release */ = {
			isa = XCBuildConfiguration;
			buildSettings = {
				ASSETCATALOG_COMPILER_APPICON_NAME = AppIcon;
				ASSETCATALOG_COMPILER_GLOBAL_ACCENT_COLOR_NAME = AccentColor;
				CODE_SIGN_STYLE = Automatic;
				CURRENT_PROJECT_VERSION = 1;
				DEVELOPMENT_ASSET_PATHS = "\"LessonTracker/Preview Content\"";
				ENABLE_PREVIEWS = YES;
				GENERATE_INFOPLIST_FILE = YES;
				INFOPLIST_FILE = LessonTracker/Info.plist;
				INFOPLIST_KEY_CFBundleDisplayName = ActivitiesToolBox;
				INFOPLIST_KEY_UIApplicationSceneManifest_Generation = YES;
				INFOPLIST_KEY_UIApplicationSupportsIndirectInputEvents = YES;
				INFOPLIST_KEY_UILaunchScreen_Generation = YES;
				INFOPLIST_KEY_UISupportedInterfaceOrientations_iPad = "UIInterfaceOrientationPortrait UIInterfaceOrientationPortraitUpsideDown UIInterfaceOrientationLandscapeLeft UIInterfaceOrientationLandscapeRight";
				INFOPLIST_KEY_UISupportedInterfaceOrientations_iPhone = "UIInterfaceOrientationPortrait UIInterfaceOrientationLandscapeLeft UIInterfaceOrientationLandscapeRight";
				IPHONEOS_DEPLOYMENT_TARGET = 17.5;
				LD_RUNPATH_SEARCH_PATHS = (
					"$(inherited)",
					"@executable_path/Frameworks",
				);
				MARKETING_VERSION = 1.0;
				PRODUCT_BUNDLE_IDENTIFIER = com.niebauer.ActivitiesToolBox;
				PRODUCT_NAME = "$(TARGET_NAME)";
				SWIFT_EMIT_LOC_STRINGS = YES;
				SWIFT_VERSION = 5.0;
				TARGETED_DEVICE_FAMILY = "1,2";
			};
			name = Release;
		};
		32C2928D2C98DDA6004B12C3 /* Debug */ = {
			isa = XCBuildConfiguration;
			buildSettings = {
				BUNDLE_LOADER = "$(TEST_HOST)";
				CODE_SIGN_STYLE = Automatic;
				CURRENT_PROJECT_VERSION = 1;
				GENERATE_INFOPLIST_FILE = YES;
				IPHONEOS_DEPLOYMENT_TARGET = 18.0;
				MARKETING_VERSION = 1.0;
				PRODUCT_BUNDLE_IDENTIFIER = com.niebauer.ActivitiesToolBoxTests;
				PRODUCT_NAME = "$(TARGET_NAME)";
				SWIFT_EMIT_LOC_STRINGS = NO;
				SWIFT_VERSION = 5.0;
				TARGETED_DEVICE_FAMILY = "1,2";
				TEST_HOST = "$(BUILT_PRODUCTS_DIR)/ActivitiesToolBox.app/$(BUNDLE_EXECUTABLE_FOLDER_PATH)/ActivitiesToolBox";
			};
			name = Debug;
		};
		32C2928E2C98DDA6004B12C3 /* Release */ = {
			isa = XCBuildConfiguration;
			buildSettings = {
				BUNDLE_LOADER = "$(TEST_HOST)";
				CODE_SIGN_STYLE = Automatic;
				CURRENT_PROJECT_VERSION = 1;
				GENERATE_INFOPLIST_FILE = YES;
				IPHONEOS_DEPLOYMENT_TARGET = 18.0;
				MARKETING_VERSION = 1.0;
				PRODUCT_BUNDLE_IDENTIFIER = com.niebauer.ActivitiesToolBoxTests;
				PRODUCT_NAME = "$(TARGET_NAME)";
				SWIFT_EMIT_LOC_STRINGS = NO;
				SWIFT_VERSION = 5.0;
				TARGETED_DEVICE_FAMILY = "1,2";
				TEST_HOST = "$(BUILT_PRODUCTS_DIR)/ActivitiesToolBox.app/$(BUNDLE_EXECUTABLE_FOLDER_PATH)/ActivitiesToolBox";
			};
			name = Release;
		};
		32C292902C98DDA6004B12C3 /* Debug */ = {
			isa = XCBuildConfiguration;
			buildSettings = {
				CODE_SIGN_STYLE = Automatic;
				CURRENT_PROJECT_VERSION = 1;
				GENERATE_INFOPLIST_FILE = YES;
				MARKETING_VERSION = 1.0;
				PRODUCT_BUNDLE_IDENTIFIER = com.niebauer.ActivitiesToolBoxUITests;
				PRODUCT_NAME = "$(TARGET_NAME)";
				SWIFT_EMIT_LOC_STRINGS = NO;
				SWIFT_VERSION = 5.0;
				TARGETED_DEVICE_FAMILY = "1,2";
				TEST_TARGET_NAME = LessonTracker;
			};
			name = Debug;
		};
		32C292912C98DDA6004B12C3 /* Release */ = {
			isa = XCBuildConfiguration;
			buildSettings = {
				CODE_SIGN_STYLE = Automatic;
				CURRENT_PROJECT_VERSION = 1;
				GENERATE_INFOPLIST_FILE = YES;
				MARKETING_VERSION = 1.0;
				PRODUCT_BUNDLE_IDENTIFIER = com.niebauer.ActivitiesToolBoxUITests;
				PRODUCT_NAME = "$(TARGET_NAME)";
				SWIFT_EMIT_LOC_STRINGS = NO;
				SWIFT_VERSION = 5.0;
				TARGETED_DEVICE_FAMILY = "1,2";
				TEST_TARGET_NAME = LessonTracker;
			};
			name = Release;
		};
/* End XCBuildConfiguration section */

/* Begin XCConfigurationList section */
		321A6DE82DA724D300D4A59B /* Build configuration list for PBXNativeTarget "ActivitiesToolBoxWatch Watch App" */ = {
			isa = XCConfigurationList;
			buildConfigurations = (
				321A6DE92DA724D300D4A59B /* Debug */,
				321A6DEA2DA724D300D4A59B /* Release */,
			);
			defaultConfigurationIsVisible = 0;
			defaultConfigurationName = Release;
		};
		32C2925E2C98DDA5004B12C3 /* Build configuration list for PBXProject "ActivitiesToolBox" */ = {
			isa = XCConfigurationList;
			buildConfigurations = (
				32C292872C98DDA6004B12C3 /* Debug */,
				32C292882C98DDA6004B12C3 /* Release */,
			);
			defaultConfigurationIsVisible = 0;
			defaultConfigurationName = Release;
		};
		32C292892C98DDA6004B12C3 /* Build configuration list for PBXNativeTarget "ActivitiesToolBox" */ = {
			isa = XCConfigurationList;
			buildConfigurations = (
				32C2928A2C98DDA6004B12C3 /* Debug */,
				32C2928B2C98DDA6004B12C3 /* Release */,
			);
			defaultConfigurationIsVisible = 0;
			defaultConfigurationName = Release;
		};
		32C2928C2C98DDA6004B12C3 /* Build configuration list for PBXNativeTarget "ActivitiesToolBoxTests" */ = {
			isa = XCConfigurationList;
			buildConfigurations = (
				32C2928D2C98DDA6004B12C3 /* Debug */,
				32C2928E2C98DDA6004B12C3 /* Release */,
			);
			defaultConfigurationIsVisible = 0;
			defaultConfigurationName = Release;
		};
		32C2928F2C98DDA6004B12C3 /* Build configuration list for PBXNativeTarget "ActivitiesToolBoxUITests" */ = {
			isa = XCConfigurationList;
			buildConfigurations = (
				32C292902C98DDA6004B12C3 /* Debug */,
				32C292912C98DDA6004B12C3 /* Release */,
			);
			defaultConfigurationIsVisible = 0;
			defaultConfigurationName = Release;
		};
/* End XCConfigurationList section */
	};
	rootObject = 32C2925B2C98DDA5004B12C3 /* Project object */;
}
